
Microsoft Visual Studio Solution File, Format Version 12.00
# Visual Studio 15
VisualStudioVersion = 15.0.27703.2035
MinimumVisualStudioVersion = 10.0.40219.1
Project("{FAE04EC0-301F-11D3-BF4B-00C04F79EFBC}") = "EMS_New", "EMS_New\EMS_New.csproj", "{8C712B60-69AE-4CE3-87D2-3E66485F55E9}"
EndProject
Global
	GlobalSection(SolutionConfigurationPlatforms) = preSolution
		Debug|Any CPU = Debug|Any CPU
		Release|Any CPU = Release|Any CPU
	EndGlobalSection
	GlobalSection(ProjectConfigurationPlatforms) = postSolution
		{8C712B60-69AE-4CE3-87D2-3E66485F55E9}.Debug|Any CPU.ActiveCfg = Debug|Any CPU
		{8C712B60-69AE-4CE3-87D2-3E66485F55E9}.Debug|Any CPU.Build.0 = Debug|Any CPU
		{8C712B60-69AE-4CE3-87D2-3E66485F55E9}.Release|Any CPU.ActiveCfg = Release|Any CPU
		{8C712B60-69AE-4CE3-87D2-3E66485F55E9}.Release|Any CPU.Build.0 = Release|Any CPU
	EndGlobalSection
	GlobalSection(SolutionProperties) = preSolution
		HideSolutionNode = FALSE
	EndGlobalSection
	GlobalSection(ExtensibilityGlobals) = postSolution
		SolutionGuid = {9464C9BD-3F43-4D85-BBCF-BE57E1E71952}
	EndGlobalSection
EndGlobal
